
Microsoft Visual Studio Solution File, Format Version 12.00
# Visual Studio Version 17
VisualStudioVersion = 17.5.33530.505
MinimumVisualStudioVersion = 10.0.40219.1
Project("{FAE04EC0-301F-11D3-BF4B-00C04F79EFBC}") = "TeamPriject3_СollectionOfAttributes", "TeamPriject3_СollectionOfAttributes\TeamPriject3_СollectionOfAttributes.csproj", "{5699F3FC-3551-46CE-83AE-4A118741B6ED}"
EndProject
Global
	GlobalSection(SolutionConfigurationPlatforms) = preSolution
		Debug|Any CPU = Debug|Any CPU
		Release|Any CPU = Release|Any CPU
	EndGlobalSection
	GlobalSection(ProjectConfigurationPlatforms) = postSolution
		{5699F3FC-3551-46CE-83AE-4A118741B6ED}.Debug|Any CPU.ActiveCfg = Debug|Any CPU
		{5699F3FC-3551-46CE-83AE-4A118741B6ED}.Debug|Any CPU.Build.0 = Debug|Any CPU
		{5699F3FC-3551-46CE-83AE-4A118741B6ED}.Release|Any CPU.ActiveCfg = Release|Any CPU
		{5699F3FC-3551-46CE-83AE-4A118741B6ED}.Release|Any CPU.Build.0 = Release|Any CPU
	EndGlobalSection
	GlobalSection(SolutionProperties) = preSolution
		HideSolutionNode = FALSE
	EndGlobalSection
	GlobalSection(ExtensibilityGlobals) = postSolution
		SolutionGuid = {467B14B1-64E5-49DF-8891-0E970E797921}
	EndGlobalSection
EndGlobal
